// !$*UTF8*$!
{
	archiveVersion = 1;
	classes = {
	};
	objectVersion = 50;
	objects = {

/* Begin PBXBuildFile section */
		474AAECF238F685500E6B509 /* AddStoryViewController.swift in Sources */ = {isa = PBXBuildFile; fileRef = 474AAECE238F685500E6B509 /* AddStoryViewController.swift */; };
		474C81332387A3D600B83E6A /* RectangleViewController.swift in Sources */ = {isa = PBXBuildFile; fileRef = 474C81322387A3D600B83E6A /* RectangleViewController.swift */; };
		47A878352385AD2C00181F2A /* MyCharacterButtonsViewController.swift in Sources */ = {isa = PBXBuildFile; fileRef = 47A878342385AD2C00181F2A /* MyCharacterButtonsViewController.swift */; };
		47A878372386454500181F2A /* CreateCharacterViewController.swift in Sources */ = {isa = PBXBuildFile; fileRef = 47A878362386454500181F2A /* CreateCharacterViewController.swift */; };
		47A8783923875FE800181F2A /* CharProfileViewController.swift in Sources */ = {isa = PBXBuildFile; fileRef = 47A8783823875FE800181F2A /* CharProfileViewController.swift */; };
		47BB79FA237322620091E22F /* AppDelegate.swift in Sources */ = {isa = PBXBuildFile; fileRef = 47BB79F9237322620091E22F /* AppDelegate.swift */; };
		47BB79FC237322620091E22F /* ProfileViewController.swift in Sources */ = {isa = PBXBuildFile; fileRef = 47BB79FB237322620091E22F /* ProfileViewController.swift */; };
		47BB79FE237322620091E22F /* SecondViewController.swift in Sources */ = {isa = PBXBuildFile; fileRef = 47BB79FD237322620091E22F /* SecondViewController.swift */; };
		47BB7A01237322620091E22F /* Main.storyboard in Resources */ = {isa = PBXBuildFile; fileRef = 47BB79FF237322620091E22F /* Main.storyboard */; };
		47BB7A03237322650091E22F /* Assets.xcassets in Resources */ = {isa = PBXBuildFile; fileRef = 47BB7A02237322650091E22F /* Assets.xcassets */; };
		47BB7A06237322650091E22F /* LaunchScreen.storyboard in Resources */ = {isa = PBXBuildFile; fileRef = 47BB7A04237322650091E22F /* LaunchScreen.storyboard */; };
		47BB7A11237322650091E22F /* potluckTests.swift in Sources */ = {isa = PBXBuildFile; fileRef = 47BB7A10237322650091E22F /* potluckTests.swift */; };
		47BB7A1C237322650091E22F /* potluckUITests.swift in Sources */ = {isa = PBXBuildFile; fileRef = 47BB7A1B237322650091E22F /* potluckUITests.swift */; };
		47E27985239809DF00C9740D /* ProfileCVTVViewController.swift in Sources */ = {isa = PBXBuildFile; fileRef = 47E27984239809DF00C9740D /* ProfileCVTVViewController.swift */; };
		47E2798723980A2400C9740D /* CVTVTableViewCell.swift in Sources */ = {isa = PBXBuildFile; fileRef = 47E2798623980A2400C9740D /* CVTVTableViewCell.swift */; };
		47E2798923980A3E00C9740D /* CVTVCollectionViewCell.swift in Sources */ = {isa = PBXBuildFile; fileRef = 47E2798823980A3E00C9740D /* CVTVCollectionViewCell.swift */; };
		47E2798C239822A200C9740D /* ProfileCVTVCollectionViewCell.swift in Sources */ = {isa = PBXBuildFile; fileRef = 47E2798B239822A200C9740D /* ProfileCVTVCollectionViewCell.swift */; };
		47E2798E239822C000C9740D /* ProfileCVTVTableViewCell.swift in Sources */ = {isa = PBXBuildFile; fileRef = 47E2798D239822C000C9740D /* ProfileCVTVTableViewCell.swift */; };
		47E279912398268700C9740D /* CharactersFollowedStoryViewController.swift in Sources */ = {isa = PBXBuildFile; fileRef = 47E279902398268700C9740D /* CharactersFollowedStoryViewController.swift */; };
		47E2799423982A3400C9740D /* FollowingStoriesViewController.swift in Sources */ = {isa = PBXBuildFile; fileRef = 47E2799323982A3400C9740D /* FollowingStoriesViewController.swift */; };
		47E279972398923800C9740D /* SearchViewController.swift in Sources */ = {isa = PBXBuildFile; fileRef = 47E279962398923800C9740D /* SearchViewController.swift */; };
/* End PBXBuildFile section */

/* Begin PBXContainerItemProxy section */
		47BB7A0D237322650091E22F /* PBXContainerItemProxy */ = {
			isa = PBXContainerItemProxy;
			containerPortal = 47BB79EE237322610091E22F /* Project object */;
			proxyType = 1;
			remoteGlobalIDString = 47BB79F5237322620091E22F;
			remoteInfo = potluck;
		};
		47BB7A18237322650091E22F /* PBXContainerItemProxy */ = {
			isa = PBXContainerItemProxy;
			containerPortal = 47BB79EE237322610091E22F /* Project object */;
			proxyType = 1;
			remoteGlobalIDString = 47BB79F5237322620091E22F;
			remoteInfo = potluck;
		};
/* End PBXContainerItemProxy section */

/* Begin PBXFileReference section */
		474AAECE238F685500E6B509 /* AddStoryViewController.swift */ = {isa = PBXFileReference; lastKnownFileType = sourcecode.swift; path = AddStoryViewController.swift; sourceTree = "<group>"; };
		474C81322387A3D600B83E6A /* RectangleViewController.swift */ = {isa = PBXFileReference; lastKnownFileType = sourcecode.swift; path = RectangleViewController.swift; sourceTree = "<group>"; };
		47A878342385AD2C00181F2A /* MyCharacterButtonsViewController.swift */ = {isa = PBXFileReference; lastKnownFileType = sourcecode.swift; path = MyCharacterButtonsViewController.swift; sourceTree = "<group>"; };
		47A878362386454500181F2A /* CreateCharacterViewController.swift */ = {isa = PBXFileReference; lastKnownFileType = sourcecode.swift; path = CreateCharacterViewController.swift; sourceTree = "<group>"; };
		47A8783823875FE800181F2A /* CharProfileViewController.swift */ = {isa = PBXFileReference; lastKnownFileType = sourcecode.swift; path = CharProfileViewController.swift; sourceTree = "<group>"; };
		47BB79F6237322620091E22F /* potluck.app */ = {isa = PBXFileReference; explicitFileType = wrapper.application; includeInIndex = 0; path = potluck.app; sourceTree = BUILT_PRODUCTS_DIR; };
		47BB79F9237322620091E22F /* AppDelegate.swift */ = {isa = PBXFileReference; lastKnownFileType = sourcecode.swift; path = AppDelegate.swift; sourceTree = "<group>"; };
		47BB79FB237322620091E22F /* ProfileViewController.swift */ = {isa = PBXFileReference; lastKnownFileType = sourcecode.swift; path = ProfileViewController.swift; sourceTree = "<group>"; };
		47BB79FD237322620091E22F /* SecondViewController.swift */ = {isa = PBXFileReference; lastKnownFileType = sourcecode.swift; path = SecondViewController.swift; sourceTree = "<group>"; };
		47BB7A00237322620091E22F /* Base */ = {isa = PBXFileReference; lastKnownFileType = file.storyboard; name = Base; path = Base.lproj/Main.storyboard; sourceTree = "<group>"; };
		47BB7A02237322650091E22F /* Assets.xcassets */ = {isa = PBXFileReference; lastKnownFileType = folder.assetcatalog; path = Assets.xcassets; sourceTree = "<group>"; };
		47BB7A05237322650091E22F /* Base */ = {isa = PBXFileReference; lastKnownFileType = file.storyboard; name = Base; path = Base.lproj/LaunchScreen.storyboard; sourceTree = "<group>"; };
		47BB7A07237322650091E22F /* Info.plist */ = {isa = PBXFileReference; lastKnownFileType = text.plist.xml; path = Info.plist; sourceTree = "<group>"; };
		47BB7A0C237322650091E22F /* potluckTests.xctest */ = {isa = PBXFileReference; explicitFileType = wrapper.cfbundle; includeInIndex = 0; path = potluckTests.xctest; sourceTree = BUILT_PRODUCTS_DIR; };
		47BB7A10237322650091E22F /* potluckTests.swift */ = {isa = PBXFileReference; lastKnownFileType = sourcecode.swift; path = potluckTests.swift; sourceTree = "<group>"; };
		47BB7A12237322650091E22F /* Info.plist */ = {isa = PBXFileReference; lastKnownFileType = text.plist.xml; path = Info.plist; sourceTree = "<group>"; };
		47BB7A17237322650091E22F /* potluckUITests.xctest */ = {isa = PBXFileReference; explicitFileType = wrapper.cfbundle; includeInIndex = 0; path = potluckUITests.xctest; sourceTree = BUILT_PRODUCTS_DIR; };
		47BB7A1B237322650091E22F /* potluckUITests.swift */ = {isa = PBXFileReference; lastKnownFileType = sourcecode.swift; path = potluckUITests.swift; sourceTree = "<group>"; };
		47BB7A1D237322650091E22F /* Info.plist */ = {isa = PBXFileReference; lastKnownFileType = text.plist.xml; path = Info.plist; sourceTree = "<group>"; };
		47E27984239809DF00C9740D /* ProfileCVTVViewController.swift */ = {isa = PBXFileReference; lastKnownFileType = sourcecode.swift; path = ProfileCVTVViewController.swift; sourceTree = "<group>"; };
		47E2798623980A2400C9740D /* CVTVTableViewCell.swift */ = {isa = PBXFileReference; lastKnownFileType = sourcecode.swift; path = CVTVTableViewCell.swift; sourceTree = "<group>"; };
		47E2798823980A3E00C9740D /* CVTVCollectionViewCell.swift */ = {isa = PBXFileReference; lastKnownFileType = sourcecode.swift; path = CVTVCollectionViewCell.swift; sourceTree = "<group>"; };
		47E2798B239822A200C9740D /* ProfileCVTVCollectionViewCell.swift */ = {isa = PBXFileReference; lastKnownFileType = sourcecode.swift; path = ProfileCVTVCollectionViewCell.swift; sourceTree = "<group>"; };
		47E2798D239822C000C9740D /* ProfileCVTVTableViewCell.swift */ = {isa = PBXFileReference; lastKnownFileType = sourcecode.swift; path = ProfileCVTVTableViewCell.swift; sourceTree = "<group>"; };
		47E279902398268700C9740D /* CharactersFollowedStoryViewController.swift */ = {isa = PBXFileReference; lastKnownFileType = sourcecode.swift; path = CharactersFollowedStoryViewController.swift; sourceTree = "<group>"; };
		47E2799323982A3400C9740D /* FollowingStoriesViewController.swift */ = {isa = PBXFileReference; lastKnownFileType = sourcecode.swift; path = FollowingStoriesViewController.swift; sourceTree = "<group>"; };
		47E279962398923800C9740D /* SearchViewController.swift */ = {isa = PBXFileReference; lastKnownFileType = sourcecode.swift; path = SearchViewController.swift; sourceTree = "<group>"; };
/* End PBXFileReference section */

/* Begin PBXFrameworksBuildPhase section */
		47BB79F3237322620091E22F /* Frameworks */ = {
			isa = PBXFrameworksBuildPhase;
			buildActionMask = 2147483647;
			files = (
			);
			runOnlyForDeploymentPostprocessing = 0;
		};
		47BB7A09237322650091E22F /* Frameworks */ = {
			isa = PBXFrameworksBuildPhase;
			buildActionMask = 2147483647;
			files = (
			);
			runOnlyForDeploymentPostprocessing = 0;
		};
		47BB7A14237322650091E22F /* Frameworks */ = {
			isa = PBXFrameworksBuildPhase;
			buildActionMask = 2147483647;
			files = (
			);
			runOnlyForDeploymentPostprocessing = 0;
		};
/* End PBXFrameworksBuildPhase section */

/* Begin PBXGroup section */
		47BB79ED237322610091E22F = {
			isa = PBXGroup;
			children = (
				47BB79F8237322620091E22F /* potluck */,
				47BB7A0F237322650091E22F /* potluckTests */,
				47BB7A1A237322650091E22F /* potluckUITests */,
				47BB79F7237322620091E22F /* Products */,
			);
			sourceTree = "<group>";
		};
		47BB79F7237322620091E22F /* Products */ = {
			isa = PBXGroup;
			children = (
				47BB79F6237322620091E22F /* potluck.app */,
				47BB7A0C237322650091E22F /* potluckTests.xctest */,
				47BB7A17237322650091E22F /* potluckUITests.xctest */,
			);
			name = Products;
			sourceTree = "<group>";
		};
		47BB79F8237322620091E22F /* potluck */ = {
			isa = PBXGroup;
			children = (
				47BB79F9237322620091E22F /* AppDelegate.swift */,
				47BB79FB237322620091E22F /* ProfileViewController.swift */,
				47A878342385AD2C00181F2A /* MyCharacterButtonsViewController.swift */,
				47BB79FF237322620091E22F /* Main.storyboard */,
				47BB7A02237322650091E22F /* Assets.xcassets */,
				47BB7A04237322650091E22F /* LaunchScreen.storyboard */,
				47BB7A07237322650091E22F /* Info.plist */,
				47A878362386454500181F2A /* CreateCharacterViewController.swift */,
				47A8783823875FE800181F2A /* CharProfileViewController.swift */,
				474C81322387A3D600B83E6A /* RectangleViewController.swift */,
				474AAECE238F685500E6B509 /* AddStoryViewController.swift */,
				47E279952398920E00C9740D /* SearchScreen */,
				47E2798F2398264D00C9740D /* FollowingViews */,
				47E2798A2398192700C9740D /* ProfileCollectionViewInsideTableView */,
				47E279832398099800C9740D /* ExploreCollectionViewInsideTableView */,
			);
			path = potluck;
			sourceTree = "<group>";
		};
		47BB7A0F237322650091E22F /* potluckTests */ = {
			isa = PBXGroup;
			children = (
				47BB7A10237322650091E22F /* potluckTests.swift */,
				47BB7A12237322650091E22F /* Info.plist */,
			);
			path = potluckTests;
			sourceTree = "<group>";
		};
		47BB7A1A237322650091E22F /* potluckUITests */ = {
			isa = PBXGroup;
			children = (
				47BB7A1B237322650091E22F /* potluckUITests.swift */,
				47BB7A1D237322650091E22F /* Info.plist */,
			);
			path = potluckUITests;
			sourceTree = "<group>";
		};
		47E279832398099800C9740D /* ExploreCollectionViewInsideTableView */ = {
			isa = PBXGroup;
			children = (
				47BB79FD237322620091E22F /* SecondViewController.swift */,
				47E2798623980A2400C9740D /* CVTVTableViewCell.swift */,
				47E2798823980A3E00C9740D /* CVTVCollectionViewCell.swift */,
			);
			path = ExploreCollectionViewInsideTableView;
			sourceTree = "<group>";
		};
		47E2798A2398192700C9740D /* ProfileCollectionViewInsideTableView */ = {
			isa = PBXGroup;
			children = (
				47E27984239809DF00C9740D /* ProfileCVTVViewController.swift */,
				47E2798B239822A200C9740D /* ProfileCVTVCollectionViewCell.swift */,
				47E2798D239822C000C9740D /* ProfileCVTVTableViewCell.swift */,
			);
			path = ProfileCollectionViewInsideTableView;
			sourceTree = "<group>";
		};
		47E2798F2398264D00C9740D /* FollowingViews */ = {
			isa = PBXGroup;
			children = (
				47E279902398268700C9740D /* CharactersFollowedStoryViewController.swift */,
				47E2799323982A3400C9740D /* FollowingStoriesViewController.swift */,
			);
			name = FollowingViews;
			path = CharactersYouFollowStoryView;
			sourceTree = "<group>";
		};
		47E279952398920E00C9740D /* SearchScreen */ = {
			isa = PBXGroup;
			children = (
				47E279962398923800C9740D /* SearchViewController.swift */,
			);
			path = SearchScreen;
			sourceTree = "<group>";
		};
/* End PBXGroup section */

/* Begin PBXNativeTarget section */
		47BB79F5237322620091E22F /* potluck */ = {
			isa = PBXNativeTarget;
			buildConfigurationList = 47BB7A20237322650091E22F /* Build configuration list for PBXNativeTarget "potluck" */;
			buildPhases = (
				47BB79F2237322620091E22F /* Sources */,
				47BB79F3237322620091E22F /* Frameworks */,
				47BB79F4237322620091E22F /* Resources */,
			);
			buildRules = (
			);
			dependencies = (
			);
			name = potluck;
			productName = potluck;
			productReference = 47BB79F6237322620091E22F /* potluck.app */;
			productType = "com.apple.product-type.application";
		};
		47BB7A0B237322650091E22F /* potluckTests */ = {
			isa = PBXNativeTarget;
			buildConfigurationList = 47BB7A23237322650091E22F /* Build configuration list for PBXNativeTarget "potluckTests" */;
			buildPhases = (
				47BB7A08237322650091E22F /* Sources */,
				47BB7A09237322650091E22F /* Frameworks */,
				47BB7A0A237322650091E22F /* Resources */,
			);
			buildRules = (
			);
			dependencies = (
				47BB7A0E237322650091E22F /* PBXTargetDependency */,
			);
			name = potluckTests;
			productName = potluckTests;
			productReference = 47BB7A0C237322650091E22F /* potluckTests.xctest */;
			productType = "com.apple.product-type.bundle.unit-test";
		};
		47BB7A16237322650091E22F /* potluckUITests */ = {
			isa = PBXNativeTarget;
			buildConfigurationList = 47BB7A26237322650091E22F /* Build configuration list for PBXNativeTarget "potluckUITests" */;
			buildPhases = (
				47BB7A13237322650091E22F /* Sources */,
				47BB7A14237322650091E22F /* Frameworks */,
				47BB7A15237322650091E22F /* Resources */,
			);
			buildRules = (
			);
			dependencies = (
				47BB7A19237322650091E22F /* PBXTargetDependency */,
			);
			name = potluckUITests;
			productName = potluckUITests;
			productReference = 47BB7A17237322650091E22F /* potluckUITests.xctest */;
			productType = "com.apple.product-type.bundle.ui-testing";
		};
/* End PBXNativeTarget section */

/* Begin PBXProject section */
		47BB79EE237322610091E22F /* Project object */ = {
			isa = PBXProject;
			attributes = {
				LastSwiftUpdateCheck = 1010;
				LastUpgradeCheck = 1010;
				ORGANIZATIONNAME = "Vedi Chaudhri";
				TargetAttributes = {
					47BB79F5237322620091E22F = {
						CreatedOnToolsVersion = 10.1;
					};
					47BB7A0B237322650091E22F = {
						CreatedOnToolsVersion = 10.1;
						TestTargetID = 47BB79F5237322620091E22F;
					};
					47BB7A16237322650091E22F = {
						CreatedOnToolsVersion = 10.1;
						TestTargetID = 47BB79F5237322620091E22F;
					};
				};
			};
			buildConfigurationList = 47BB79F1237322620091E22F /* Build configuration list for PBXProject "potluck" */;
			compatibilityVersion = "Xcode 9.3";
			developmentRegion = en;
			hasScannedForEncodings = 0;
			knownRegions = (
				en,
				Base,
			);
			mainGroup = 47BB79ED237322610091E22F;
			productRefGroup = 47BB79F7237322620091E22F /* Products */;
			projectDirPath = "";
			projectRoot = "";
			targets = (
				47BB79F5237322620091E22F /* potluck */,
				47BB7A0B237322650091E22F /* potluckTests */,
				47BB7A16237322650091E22F /* potluckUITests */,
			);
		};
/* End PBXProject section */

/* Begin PBXResourcesBuildPhase section */
		47BB79F4237322620091E22F /* Resources */ = {
			isa = PBXResourcesBuildPhase;
			buildActionMask = 2147483647;
			files = (
				47BB7A06237322650091E22F /* LaunchScreen.storyboard in Resources */,
				47BB7A03237322650091E22F /* Assets.xcassets in Resources */,
				47BB7A01237322620091E22F /* Main.storyboard in Resources */,
			);
			runOnlyForDeploymentPostprocessing = 0;
		};
		47BB7A0A237322650091E22F /* Resources */ = {
			isa = PBXResourcesBuildPhase;
			buildActionMask = 2147483647;
			files = (
			);
			runOnlyForDeploymentPostprocessing = 0;
		};
		47BB7A15237322650091E22F /* Resources */ = {
			isa = PBXResourcesBuildPhase;
			buildActionMask = 2147483647;
			files = (
			);
			runOnlyForDeploymentPostprocessing = 0;
		};
/* End PBXResourcesBuildPhase section */

/* Begin PBXSourcesBuildPhase section */
		47BB79F2237322620091E22F /* Sources */ = {
			isa = PBXSourcesBuildPhase;
			buildActionMask = 2147483647;
			files = (
				47E27985239809DF00C9740D /* ProfileCVTVViewController.swift in Sources */,
				474AAECF238F685500E6B509 /* AddStoryViewController.swift in Sources */,
				47A8783923875FE800181F2A /* CharProfileViewController.swift in Sources */,
				47A878352385AD2C00181F2A /* MyCharacterButtonsViewController.swift in Sources */,
				47E279912398268700C9740D /* CharactersFollowedStoryViewController.swift in Sources */,
				47E2798E239822C000C9740D /* ProfileCVTVTableViewCell.swift in Sources */,
				47A878372386454500181F2A /* CreateCharacterViewController.swift in Sources */,
				47E2798C239822A200C9740D /* ProfileCVTVCollectionViewCell.swift in Sources */,
				47BB79FE237322620091E22F /* SecondViewController.swift in Sources */,
				47E2799423982A3400C9740D /* FollowingStoriesViewController.swift in Sources */,
				47E279972398923800C9740D /* SearchViewController.swift in Sources */,
				47BB79FA237322620091E22F /* AppDelegate.swift in Sources */,
				474C81332387A3D600B83E6A /* RectangleViewController.swift in Sources */,
				47E2798723980A2400C9740D /* CVTVTableViewCell.swift in Sources */,
				47BB79FC237322620091E22F /* ProfileViewController.swift in Sources */,
				47E2798923980A3E00C9740D /* CVTVCollectionViewCell.swift in Sources */,
			);
			runOnlyForDeploymentPostprocessing = 0;
		};
		47BB7A08237322650091E22F /* Sources */ = {
			isa = PBXSourcesBuildPhase;
			buildActionMask = 2147483647;
			files = (
				47BB7A11237322650091E22F /* potluckTests.swift in Sources */,
			);
			runOnlyForDeploymentPostprocessing = 0;
		};
		47BB7A13237322650091E22F /* Sources */ = {
			isa = PBXSourcesBuildPhase;
			buildActionMask = 2147483647;
			files = (
				47BB7A1C237322650091E22F /* potluckUITests.swift in Sources */,
			);
			runOnlyForDeploymentPostprocessing = 0;
		};
/* End PBXSourcesBuildPhase section */

/* Begin PBXTargetDependency section */
		47BB7A0E237322650091E22F /* PBXTargetDependency */ = {
			isa = PBXTargetDependency;
			target = 47BB79F5237322620091E22F /* potluck */;
			targetProxy = 47BB7A0D237322650091E22F /* PBXContainerItemProxy */;
		};
		47BB7A19237322650091E22F /* PBXTargetDependency */ = {
			isa = PBXTargetDependency;
			target = 47BB79F5237322620091E22F /* potluck */;
			targetProxy = 47BB7A18237322650091E22F /* PBXContainerItemProxy */;
		};
/* End PBXTargetDependency section */

/* Begin PBXVariantGroup section */
		47BB79FF237322620091E22F /* Main.storyboard */ = {
			isa = PBXVariantGroup;
			children = (
				47BB7A00237322620091E22F /* Base */,
			);
			name = Main.storyboard;
			sourceTree = "<group>";
		};
		47BB7A04237322650091E22F /* LaunchScreen.storyboard */ = {
			isa = PBXVariantGroup;
			children = (
				47BB7A05237322650091E22F /* Base */,
			);
			name = LaunchScreen.storyboard;
			sourceTree = "<group>";
		};
/* End PBXVariantGroup section */

/* Begin XCBuildConfiguration section */
		47BB7A1E237322650091E22F /* Debug */ = {
			isa = XCBuildConfiguration;
			buildSettings = {
				ALWAYS_SEARCH_USER_PATHS = NO;
				CLANG_ANALYZER_NONNULL = YES;
				CLANG_ANALYZER_NUMBER_OBJECT_CONVERSION = YES_AGGRESSIVE;
				CLANG_CXX_LANGUAGE_STANDARD = "gnu++14";
				CLANG_CXX_LIBRARY = "libc++";
				CLANG_ENABLE_MODULES = YES;
				CLANG_ENABLE_OBJC_ARC = YES;
				CLANG_ENABLE_OBJC_WEAK = YES;
				CLANG_WARN_BLOCK_CAPTURE_AUTORELEASING = YES;
				CLANG_WARN_BOOL_CONVERSION = YES;
				CLANG_WARN_COMMA = YES;
				CLANG_WARN_CONSTANT_CONVERSION = YES;
				CLANG_WARN_DEPRECATED_OBJC_IMPLEMENTATIONS = YES;
				CLANG_WARN_DIRECT_OBJC_ISA_USAGE = YES_ERROR;
				CLANG_WARN_DOCUMENTATION_COMMENTS = YES;
				CLANG_WARN_EMPTY_BODY = YES;
				CLANG_WARN_ENUM_CONVERSION = YES;
				CLANG_WARN_INFINITE_RECURSION = YES;
				CLANG_WARN_INT_CONVERSION = YES;
				CLANG_WARN_NON_LITERAL_NULL_CONVERSION = YES;
				CLANG_WARN_OBJC_IMPLICIT_RETAIN_SELF = YES;
				CLANG_WARN_OBJC_LITERAL_CONVERSION = YES;
				CLANG_WARN_OBJC_ROOT_CLASS = YES_ERROR;
				CLANG_WARN_RANGE_LOOP_ANALYSIS = YES;
				CLANG_WARN_STRICT_PROTOTYPES = YES;
				CLANG_WARN_SUSPICIOUS_MOVE = YES;
				CLANG_WARN_UNGUARDED_AVAILABILITY = YES_AGGRESSIVE;
				CLANG_WARN_UNREACHABLE_CODE = YES;
				CLANG_WARN__DUPLICATE_METHOD_MATCH = YES;
				CODE_SIGN_IDENTITY = "iPhone Developer";
				COPY_PHASE_STRIP = NO;
				DEBUG_INFORMATION_FORMAT = dwarf;
				ENABLE_STRICT_OBJC_MSGSEND = YES;
				ENABLE_TESTABILITY = YES;
				GCC_C_LANGUAGE_STANDARD = gnu11;
				GCC_DYNAMIC_NO_PIC = NO;
				GCC_NO_COMMON_BLOCKS = YES;
				GCC_OPTIMIZATION_LEVEL = 0;
				GCC_PREPROCESSOR_DEFINITIONS = (
					"DEBUG=1",
					"$(inherited)",
				);
				GCC_WARN_64_TO_32_BIT_CONVERSION = YES;
				GCC_WARN_ABOUT_RETURN_TYPE = YES_ERROR;
				GCC_WARN_UNDECLARED_SELECTOR = YES;
				GCC_WARN_UNINITIALIZED_AUTOS = YES_AGGRESSIVE;
				GCC_WARN_UNUSED_FUNCTION = YES;
				GCC_WARN_UNUSED_VARIABLE = YES;
				IPHONEOS_DEPLOYMENT_TARGET = 12.1;
				MTL_ENABLE_DEBUG_INFO = INCLUDE_SOURCE;
				MTL_FAST_MATH = YES;
				ONLY_ACTIVE_ARCH = YES;
				SDKROOT = iphoneos;
				SWIFT_ACTIVE_COMPILATION_CONDITIONS = DEBUG;
				SWIFT_OPTIMIZATION_LEVEL = "-Onone";
			};
			name = Debug;
		};
		47BB7A1F237322650091E22F /* Release */ = {
			isa = XCBuildConfiguration;
			buildSettings = {
				ALWAYS_SEARCH_USER_PATHS = NO;
				CLANG_ANALYZER_NONNULL = YES;
				CLANG_ANALYZER_NUMBER_OBJECT_CONVERSION = YES_AGGRESSIVE;
				CLANG_CXX_LANGUAGE_STANDARD = "gnu++14";
				CLANG_CXX_LIBRARY = "libc++";
				CLANG_ENABLE_MODULES = YES;
				CLANG_ENABLE_OBJC_ARC = YES;
				CLANG_ENABLE_OBJC_WEAK = YES;
				CLANG_WARN_BLOCK_CAPTURE_AUTORELEASING = YES;
				CLANG_WARN_BOOL_CONVERSION = YES;
				CLANG_WARN_COMMA = YES;
				CLANG_WARN_CONSTANT_CONVERSION = YES;
				CLANG_WARN_DEPRECATED_OBJC_IMPLEMENTATIONS = YES;
				CLANG_WARN_DIRECT_OBJC_ISA_USAGE = YES_ERROR;
				CLANG_WARN_DOCUMENTATION_COMMENTS = YES;
				CLANG_WARN_EMPTY_BODY = YES;
				CLANG_WARN_ENUM_CONVERSION = YES;
				CLANG_WARN_INFINITE_RECURSION = YES;
				CLANG_WARN_INT_CONVERSION = YES;
				CLANG_WARN_NON_LITERAL_NULL_CONVERSION = YES;
				CLANG_WARN_OBJC_IMPLICIT_RETAIN_SELF = YES;
				CLANG_WARN_OBJC_LITERAL_CONVERSION = YES;
				CLANG_WARN_OBJC_ROOT_CLASS = YES_ERROR;
				CLANG_WARN_RANGE_LOOP_ANALYSIS = YES;
				CLANG_WARN_STRICT_PROTOTYPES = YES;
				CLANG_WARN_SUSPICIOUS_MOVE = YES;
				CLANG_WARN_UNGUARDED_AVAILABILITY = YES_AGGRESSIVE;
				CLANG_WARN_UNREACHABLE_CODE = YES;
				CLANG_WARN__DUPLICATE_METHOD_MATCH = YES;
				CODE_SIGN_IDENTITY = "iPhone Developer";
				COPY_PHASE_STRIP = NO;
				DEBUG_INFORMATION_FORMAT = "dwarf-with-dsym";
				ENABLE_NS_ASSERTIONS = NO;
				ENABLE_STRICT_OBJC_MSGSEND = YES;
				GCC_C_LANGUAGE_STANDARD = gnu11;
				GCC_NO_COMMON_BLOCKS = YES;
				GCC_WARN_64_TO_32_BIT_CONVERSION = YES;
				GCC_WARN_ABOUT_RETURN_TYPE = YES_ERROR;
				GCC_WARN_UNDECLARED_SELECTOR = YES;
				GCC_WARN_UNINITIALIZED_AUTOS = YES_AGGRESSIVE;
				GCC_WARN_UNUSED_FUNCTION = YES;
				GCC_WARN_UNUSED_VARIABLE = YES;
				IPHONEOS_DEPLOYMENT_TARGET = 12.1;
				MTL_ENABLE_DEBUG_INFO = NO;
				MTL_FAST_MATH = YES;
				SDKROOT = iphoneos;
				SWIFT_COMPILATION_MODE = wholemodule;
				SWIFT_OPTIMIZATION_LEVEL = "-O";
				VALIDATE_PRODUCT = YES;
			};
			name = Release;
		};
		47BB7A21237322650091E22F /* Debug */ = {
			isa = XCBuildConfiguration;
			buildSettings = {
				ASSETCATALOG_COMPILER_APPICON_NAME = AppIcon;
				CODE_SIGN_STYLE = Automatic;
				DEVELOPMENT_TEAM = 7CFKZUG73H;
				INFOPLIST_FILE = potluck/Info.plist;
				LD_RUNPATH_SEARCH_PATHS = (
					"$(inherited)",
					"@executable_path/Frameworks",
				);
				PRODUCT_BUNDLE_IDENTIFIER = "com.swift-app.potluck";
				PRODUCT_NAME = "$(TARGET_NAME)";
				SWIFT_VERSION = 4.2;
				TARGETED_DEVICE_FAMILY = "1,2";
			};
			name = Debug;
		};
		47BB7A22237322650091E22F /* Release */ = {
			isa = XCBuildConfiguration;
			buildSettings = {
				ASSETCATALOG_COMPILER_APPICON_NAME = AppIcon;
				CODE_SIGN_STYLE = Automatic;
				DEVELOPMENT_TEAM = 7CFKZUG73H;
				INFOPLIST_FILE = potluck/Info.plist;
				LD_RUNPATH_SEARCH_PATHS = (
					"$(inherited)",
					"@executable_path/Frameworks",
				);
				PRODUCT_BUNDLE_IDENTIFIER = "com.swift-app.potluck";
				PRODUCT_NAME = "$(TARGET_NAME)";
				SWIFT_VERSION = 4.2;
				TARGETED_DEVICE_FAMILY = "1,2";
			};
			name = Release;
		};
		47BB7A24237322650091E22F /* Debug */ = {
			isa = XCBuildConfiguration;
			buildSettings = {
				ALWAYS_EMBED_SWIFT_STANDARD_LIBRARIES = YES;
				BUNDLE_LOADER = "$(TEST_HOST)";
				CODE_SIGN_STYLE = Automatic;
				DEVELOPMENT_TEAM = 7CFKZUG73H;
				INFOPLIST_FILE = potluckTests/Info.plist;
				LD_RUNPATH_SEARCH_PATHS = (
					"$(inherited)",
					"@executable_path/Frameworks",
					"@loader_path/Frameworks",
				);
				PRODUCT_BUNDLE_IDENTIFIER = "com.swift-app.potluckTests";
				PRODUCT_NAME = "$(TARGET_NAME)";
				SWIFT_VERSION = 4.2;
				TARGETED_DEVICE_FAMILY = "1,2";
				TEST_HOST = "$(BUILT_PRODUCTS_DIR)/potluck.app/potluck";
			};
			name = Debug;
		};
		47BB7A25237322650091E22F /* Release */ = {
			isa = XCBuildConfiguration;
			buildSettings = {
				ALWAYS_EMBED_SWIFT_STANDARD_LIBRARIES = YES;
				BUNDLE_LOADER = "$(TEST_HOST)";
				CODE_SIGN_STYLE = Automatic;
				DEVELOPMENT_TEAM = 7CFKZUG73H;
				INFOPLIST_FILE = potluckTests/Info.plist;
				LD_RUNPATH_SEARCH_PATHS = (
					"$(inherited)",
					"@executable_path/Frameworks",
					"@loader_path/Frameworks",
				);
				PRODUCT_BUNDLE_IDENTIFIER = "com.swift-app.potluckTests";
				PRODUCT_NAME = "$(TARGET_NAME)";
				SWIFT_VERSION = 4.2;
				TARGETED_DEVICE_FAMILY = "1,2";
				TEST_HOST = "$(BUILT_PRODUCTS_DIR)/potluck.app/potluck";
			};
			name = Release;
		};
		47BB7A27237322650091E22F /* Debug */ = {
			isa = XCBuildConfiguration;
			buildSettings = {
				ALWAYS_EMBED_SWIFT_STANDARD_LIBRARIES = YES;
				CODE_SIGN_STYLE = Automatic;
				DEVELOPMENT_TEAM = 7CFKZUG73H;
				INFOPLIST_FILE = potluckUITests/Info.plist;
				LD_RUNPATH_SEARCH_PATHS = (
					"$(inherited)",
					"@executable_path/Frameworks",
					"@loader_path/Frameworks",
				);
				PRODUCT_BUNDLE_IDENTIFIER = "com.swift-app.potluckUITests";
				PRODUCT_NAME = "$(TARGET_NAME)";
				SWIFT_VERSION = 4.2;
				TARGETED_DEVICE_FAMILY = "1,2";
				TEST_TARGET_NAME = potluck;
			};
			name = Debug;
		};
		47BB7A28237322650091E22F /* Release */ = {
			isa = XCBuildConfiguration;
			buildSettings = {
				ALWAYS_EMBED_SWIFT_STANDARD_LIBRARIES = YES;
				CODE_SIGN_STYLE = Automatic;
				DEVELOPMENT_TEAM = 7CFKZUG73H;
				INFOPLIST_FILE = potluckUITests/Info.plist;
				LD_RUNPATH_SEARCH_PATHS = (
					"$(inherited)",
					"@executable_path/Frameworks",
					"@loader_path/Frameworks",
				);
				PRODUCT_BUNDLE_IDENTIFIER = "com.swift-app.potluckUITests";
				PRODUCT_NAME = "$(TARGET_NAME)";
				SWIFT_VERSION = 4.2;
				TARGETED_DEVICE_FAMILY = "1,2";
				TEST_TARGET_NAME = potluck;
			};
			name = Release;
		};
/* End XCBuildConfiguration section */

/* Begin XCConfigurationList section */
		47BB79F1237322620091E22F /* Build configuration list for PBXProject "potluck" */ = {
			isa = XCConfigurationList;
			buildConfigurations = (
				47BB7A1E237322650091E22F /* Debug */,
				47BB7A1F237322650091E22F /* Release */,
			);
			defaultConfigurationIsVisible = 0;
			defaultConfigurationName = Release;
		};
		47BB7A20237322650091E22F /* Build configuration list for PBXNativeTarget "potluck" */ = {
			isa = XCConfigurationList;
			buildConfigurations = (
				47BB7A21237322650091E22F /* Debug */,
				47BB7A22237322650091E22F /* Release */,
			);
			defaultConfigurationIsVisible = 0;
			defaultConfigurationName = Release;
		};
		47BB7A23237322650091E22F /* Build configuration list for PBXNativeTarget "potluckTests" */ = {
			isa = XCConfigurationList;
			buildConfigurations = (
				47BB7A24237322650091E22F /* Debug */,
				47BB7A25237322650091E22F /* Release */,
			);
			defaultConfigurationIsVisible = 0;
			defaultConfigurationName = Release;
		};
		47BB7A26237322650091E22F /* Build configuration list for PBXNativeTarget "potluckUITests" */ = {
			isa = XCConfigurationList;
			buildConfigurations = (
				47BB7A27237322650091E22F /* Debug */,
				47BB7A28237322650091E22F /* Release */,
			);
			defaultConfigurationIsVisible = 0;
			defaultConfigurationName = Release;
		};
/* End XCConfigurationList section */
	};
	rootObject = 47BB79EE237322610091E22F /* Project object */;
}
